{
  "name": "social-butterfly",
  "version": "0.8.11",
  "lockfileVersion": 1,
  "requires": true,
  "dependencies": {
    "nanoid": {
      "version": "2.1.6",
      "resolved": "https://registry.npmjs.org/nanoid/-/nanoid-2.1.6.tgz",
      "integrity": "sha512-2NDzpiuEy3+H0AVtdt8LoFi7PnqkOnIzYmJQp7xsEU6VexLluHQwKREuiz57XaQC5006seIadPrIZJhyS2n7aw=="
    }
  }
}
